schema: '2.0'
stages:
  ingest_interactions:
    cmd: python scripts/Ingestion/userinteraction_batch_ingestion.py
    deps:
    - path: data/source/user_interactions
      hash: md5
      md5: ed2b4ddaf7aa85009da6ca87bb69c1ed.dir
      size: 2518213
      nfiles: 1
    - path: scripts/Ingestion/userinteraction_batch_ingestion.py
      hash: md5
      md5: 7c8b4f8fd909f2bf71436cfcaaf457a6
      size: 3636
    outs:
    - path: data/raw/batch/user_interactions
      hash: md5
      md5: a950218d647e976eaff15aa4535b0922.dir
      size: 877842
      nfiles: 4
  ingest_profiles:
    cmd: python scripts/Ingestion/user_profiles_batch_ingestion.py
    deps:
    - path: data/source/user_profiles
      hash: md5
      md5: 1ac6cecaa8d9731c5c1606a617de9949.dir
      size: 171723
      nfiles: 1
    - path: scripts/Ingestion/user_profiles_batch_ingestion.py
      hash: md5
      md5: 998167960a8172d4fae018b210e00d30
      size: 3571
    outs:
    - path: data/raw/batch/user_profiles
      hash: md5
      md5: 4811bf5257674e12410136e8a07d1e78.dir
      size: 33037
      nfiles: 4
  ingest_products:
    cmd: python scripts/Ingestion/ingest_product.py
    deps:
    - path: scripts/Ingestion/ingest_product.py
      hash: md5
      md5: e8992dcb8e4f5c64cbf9eebc4ccb9f92
      size: 2595
    outs:
    - path: data/raw/api
      hash: md5
      md5: 63398e0570faea71e96afdff1b9fc5ce.dir
      size: 763563
      nfiles: 1
  validate:
    cmd: python scripts/validation/validation_script.py
    deps:
    - path: data/raw
      hash: md5
      md5: e911e1d362936396fb5376936a697aaa.dir
      size: 1674442
      nfiles: 9
    - path: scripts/validation/validation_script.py
      hash: md5
      md5: 128336bb11b6f8ee4699279214d74203
      size: 15820
    outs:
    - path: data/quality_reports
      hash: md5
      md5: dabae6545c2d237f5be51c2b4fadb8bf.dir
      size: 1643
      nfiles: 1
  curate:
    cmd: python scripts/curation/curate_data.py
    deps:
    - path: data/quality_reports
      hash: md5
      md5: dabae6545c2d237f5be51c2b4fadb8bf.dir
      size: 1643
      nfiles: 1
    - path: data/raw
      hash: md5
      md5: e911e1d362936396fb5376936a697aaa.dir
      size: 1674442
      nfiles: 9
    - path: scripts/curation/curate_data.py
      hash: md5
      md5: 916dc69f08701ab2dc68ebe2b2e2e57d
      size: 12772
    outs:
    - path: data/curated
      hash: md5
      md5: 0d967de77c2af47bb73aeab94ebbe404.dir
      size: 3034476
      nfiles: 2
    - path: metrics/curation_metadata.json
      hash: md5
      md5: 85d143d47b9a65045443b14cbc120693
      size: 2110
  feature_engineering:
    cmd: python scripts/feature_eng/main.py --incremental
    deps:
    - path: data/curated
      hash: md5
      md5: 0d967de77c2af47bb73aeab94ebbe404.dir
      size: 3034476
      nfiles: 2
    - path: scripts/feature_eng/config.py
      hash: md5
      md5: e3616b9becd31469e03ea9555f02ec0b
      size: 3050
    - path: scripts/feature_eng/main.py
      hash: md5
      md5: 5b3b808d385846e970fe46b013a7e6da
      size: 6607
    - path: scripts/feature_eng/metastore.py
      hash: md5
      md5: bc4f293db7aacb4e9a426f750354c300
      size: 8016
    - path: scripts/feature_eng/transformers.py
      hash: md5
      md5: 58b8ef3773cff5fa99f55146c51a92db
      size: 22441
    outs:
    - path: data/processed/features/retailx_features.db
      hash: md5
      md5: 712c5116a510f2826abd4c8523569393
      size: 3182592
